
Microsoft Visual Studio Solution File, Format Version 12.00
# Visual Studio Version 16
VisualStudioVersion = 16.0.31321.278
MinimumVisualStudioVersion = 10.0.40219.1
Project("{FAE04EC0-301F-11D3-BF4B-00C04F79EFBC}") = "SentenceAndWordCounter", "SentenceAndWordCounter\SentenceAndWordCounter.csproj", "{6E6B76E2-676D-4FB1-8FF6-C7F19BB26B78}"
EndProject
Project("{FAE04EC0-301F-11D3-BF4B-00C04F79EFBC}") = "SentenceAndWordCounterTests", "SentenceAndWordCounterTests\SentenceAndWordCounterTests.csproj", "{4CCA8DE7-5BA9-4EBC-BA4A-361819B42F46}"
EndProject
Global
	GlobalSection(SolutionConfigurationPlatforms) = preSolution
		Debug|Any CPU = Debug|Any CPU
		Release|Any CPU = Release|Any CPU
	EndGlobalSection
	GlobalSection(ProjectConfigurationPlatforms) = postSolution
		{6E6B76E2-676D-4FB1-8FF6-C7F19BB26B78}.Debug|Any CPU.ActiveCfg = Debug|Any CPU
		{6E6B76E2-676D-4FB1-8FF6-C7F19BB26B78}.Debug|Any CPU.Build.0 = Debug|Any CPU
		{6E6B76E2-676D-4FB1-8FF6-C7F19BB26B78}.Release|Any CPU.ActiveCfg = Release|Any CPU
		{6E6B76E2-676D-4FB1-8FF6-C7F19BB26B78}.Release|Any CPU.Build.0 = Release|Any CPU
		{4CCA8DE7-5BA9-4EBC-BA4A-361819B42F46}.Debug|Any CPU.ActiveCfg = Debug|Any CPU
		{4CCA8DE7-5BA9-4EBC-BA4A-361819B42F46}.Debug|Any CPU.Build.0 = Debug|Any CPU
		{4CCA8DE7-5BA9-4EBC-BA4A-361819B42F46}.Release|Any CPU.ActiveCfg = Release|Any CPU
		{4CCA8DE7-5BA9-4EBC-BA4A-361819B42F46}.Release|Any CPU.Build.0 = Release|Any CPU
	EndGlobalSection
	GlobalSection(SolutionProperties) = preSolution
		HideSolutionNode = FALSE
	EndGlobalSection
	GlobalSection(ExtensibilityGlobals) = postSolution
		SolutionGuid = {88EB2095-239E-461F-BE08-9CD205E886BA}
	EndGlobalSection
EndGlobal
